{
    "hash": "fefd5e25b3625fb6d017320fae5e967d",
    "packages": [
        {
            "package": "beberlei/DoctrineExtensions",
            "version": "dev-master",
            "source-reference": "v0.1",
            "commit-date": "1337151874"
        },
        {
            "package": "besimple/i18n-routing-bundle",
            "version": "dev-master",
            "source-reference": "0dbec00dabdf9d86499fde08f883ce6d0cb11feb",
            "commit-date": "1343387910"
        },
        {
            "package": "doctrine/common",
            "version": "2.2.3"
        },
        {
            "package": "doctrine/dbal",
            "version": "2.2.2"
        },
        {
            "package": "doctrine/doctrine-bundle",
            "version": "dev-master",
            "alias-pretty-version": "1.0.x-dev",
            "alias-version": "1.0.9999999.9999999-dev"
        },
        {
            "package": "doctrine/doctrine-bundle",
            "version": "dev-master",
            "source-reference": "3600872919186e1a40e8fd556e65f6dca6337cc9",
            "commit-date": "1346617185"
        },
        {
            "package": "doctrine/doctrine-migrations-bundle",
            "version": "dev-master",
            "source-reference": "3792aa78445773387754c6853bbd7f4dcb31f486",
            "commit-date": "1341472972"
        },
        {
            "package": "doctrine/migrations",
            "version": "dev-master",
            "source-reference": "b86b4cc0a39714f0aa53b908d495beacfa0e4011",
            "commit-date": "1343202693"
        },
        {
            "package": "doctrine/orm",
            "version": "2.2.2"
        },
        {
            "package": "exercise/elastica-bundle",
            "version": "dev-master",
            "source-reference": "5d1f4f2d68bfab8eda9484a199e2c4b85c0efcd4",
            "commit-date": "1345226184"
        },
        {
            "package": "fpn/doctrine-extensions-taggable",
            "version": "dev-master",
            "source-reference": "dac30481631608f8f0d0bb5ac88896b3efcb5f3b",
            "commit-date": "1340829852"
        },
        {
            "package": "fpn/tag-bundle",
            "version": "dev-master",
            "source-reference": "05518c2ccaf059414cfed51c0bbbfabd34fe44ea",
            "commit-date": "1342458932"
        },
        {
            "package": "friendsofsymfony/comment-bundle",
            "version": "dev-master",
            "source-reference": "7efdab5b180dcce4aa30fa9c3564728b68dd5130",
            "commit-date": "1346412197"
        },
        {
            "package": "friendsofsymfony/rest",
            "version": "dev-master",
            "alias-pretty-version": "0.7.x-dev",
            "alias-version": "0.7.9999999.9999999-dev"
        },
        {
            "package": "friendsofsymfony/rest",
            "version": "dev-master",
            "source-reference": "5ea703f5a3f5c7110cadeccb91b212c0eb7ea2d0",
            "commit-date": "1339701893"
        },
        {
            "package": "friendsofsymfony/rest-bundle",
            "version": "0.7.0"
        },
        {
            "package": "friendsofsymfony/user-bundle",
            "version": "dev-master",
            "source-reference": "74dcb06f464330caa9a7cc95febd5b74e9018246",
            "commit-date": "1346762108"
        },
        {
            "package": "gedmo/doctrine-extensions",
            "version": "dev-master",
            "alias-pretty-version": "2.3.x-dev",
            "alias-version": "2.3.9999999.9999999-dev"
        },
        {
            "package": "gedmo/doctrine-extensions",
            "version": "dev-master",
            "source-reference": "4e8a3a920eedaba4e76c26a92347e9b47bb7ffdf",
            "commit-date": "1346486653"
        },
        {
            "package": "jms/aop-bundle",
            "version": "1.0.0"
        },
        {
            "package": "jms/cg",
            "version": "1.0.0"
        },
        {
            "package": "jms/di-extra-bundle",
            "version": "1.0.1"
        },
        {
            "package": "jms/metadata",
            "version": "1.1.1"
        },
        {
            "package": "jms/security-extra-bundle",
            "version": "1.1.0"
        },
        {
            "package": "jms/serializer-bundle",
            "version": "dev-master",
            "alias-pretty-version": "0.9.x-dev",
            "alias-version": "0.9.9999999.9999999-dev"
        },
        {
            "package": "jms/serializer-bundle",
            "version": "dev-master",
            "source-reference": "5a9b7e6b62143950726f642da23d7eebf850e389",
            "commit-date": "1346073949"
        },
        {
            "package": "knplabs/knp-components",
            "version": "dev-master",
            "source-reference": "99ea408dc2a7c3616e688ffe67e3248ece69ff0e",
            "commit-date": "1339767068"
        },
        {
            "package": "knplabs/knp-menu",
            "version": "1.1.x-dev",
            "source-reference": "v1.1.2",
            "commit-date": "1339345240"
        },
        {
            "package": "knplabs/knp-menu-bundle",
            "version": "v1.1.0"
        },
        {
            "package": "knplabs/knp-paginator-bundle",
            "version": "dev-master",
            "source-reference": "de439d2816fe984dbe0c438fd4d0d7c67748c5ff",
            "commit-date": "1343676956"
        },
        {
            "package": "kriswallsmith/assetic",
            "version": "dev-master",
            "alias-pretty-version": "1.1.x-dev",
            "alias-version": "1.1.9999999.9999999-dev"
        },
        {
            "package": "kriswallsmith/assetic",
            "version": "dev-master",
            "source-reference": "86b637e9f64ddcbd17d9eda944384812b5836254",
            "commit-date": "1346695911"
        },
        {
            "package": "monolog/monolog",
            "version": "1.1.0"
        },
        {
            "package": "ruflin/Elastica",
            "version": "v0.19.3.0"
        },
        {
            "package": "sensio/distribution-bundle",
            "version": "dev-master",
            "source-reference": "a86d2c0d7212851cc4e971abdff13b89eb063861",
            "commit-date": "1346246961"
        },
        {
            "package": "sensio/framework-extra-bundle",
            "version": "dev-master",
            "alias-pretty-version": "2.1.x-dev",
            "alias-version": "2.1.9999999.9999999-dev"
        },
        {
            "package": "sensio/framework-extra-bundle",
            "version": "dev-master",
            "source-reference": "1281f6218226ddb88df8546f28a3166e2a0cb55d",
            "commit-date": "1346234539"
        },
        {
            "package": "sensio/generator-bundle",
            "version": "dev-master",
            "alias-pretty-version": "2.1.x-dev",
            "alias-version": "2.1.9999999.9999999-dev"
        },
        {
            "package": "sensio/generator-bundle",
            "version": "dev-master",
            "source-reference": "v2.1.0-RC2",
            "commit-date": "1346138171"
        },
        {
            "package": "stfalcon/tinymce-bundle",
            "version": "dev-master",
            "source-reference": "a73b42cf721b319757f08a8893cc434ec95a694f",
            "commit-date": "1346770452"
        },
        {
            "package": "stof/doctrine-extensions-bundle",
            "version": "dev-master",
            "source-reference": "0247e6f1658d76292c8ffe2c5106090bd36bd799",
            "commit-date": "1346283670"
        },
        {
            "package": "swiftmailer/swiftmailer",
            "version": "v4.2.0"
        },
        {
            "package": "symfony/assetic-bundle",
            "version": "dev-master",
            "alias-pretty-version": "2.1.x-dev",
            "alias-version": "2.1.9999999.9999999-dev"
        },
        {
            "package": "symfony/assetic-bundle",
            "version": "dev-master",
            "source-reference": "4e7e8a039fa19434f04558473adbb201118af942",
            "commit-date": "1346199949"
        },
        {
            "package": "symfony/monolog-bundle",
            "version": "v2.1.0-RC1"
        },
        {
            "package": "symfony/swiftmailer-bundle",
            "version": "dev-master",
            "alias-pretty-version": "2.1.x-dev",
            "alias-version": "2.1.9999999.9999999-dev"
        },
        {
            "package": "symfony/swiftmailer-bundle",
            "version": "dev-master",
            "source-reference": "d2eae9385c029cbac031a90e6d2abc74b889a562",
            "commit-date": "1346243146"
        },
        {
            "package": "symfony/symfony",
            "version": "v2.1.0-RC1"
        },
        {
            "package": "twig/extensions",
            "version": "dev-master",
            "source-reference": "f904575642b1213db69b4a98f08397e722ba1cae",
            "commit-date": "1346770278"
        },
        {
            "package": "twig/twig",
            "version": "v1.9.1"
        },
        {
            "package": "willdurand/expose-translation-bundle",
            "version": "dev-master",
            "source-reference": "87114ef419f6ec7796a1c2dcb951d2911604d15e",
            "commit-date": "1342599134"
        },
        {
            "package": "xi/ajax-bundle",
            "version": "dev-master",
            "source-reference": "2368d94c56d6377f15b3edd06eac928275e325a4",
            "commit-date": "1346757879"
        },
        {
            "package": "xi/article-bundle",
            "version": "dev-master",
            "source-reference": "b0720d94fc274ade310d047e01d60fd0e932cd71",
            "commit-date": "1346758641"
        },
        {
            "package": "xi/dialog-bundle",
            "version": "dev-master",
            "source-reference": "e7e8fdf7703bebad6c79c9378213ae2500e4fdcf",
            "commit-date": "1346757836"
        },
        {
            "package": "xi/doctrine",
            "version": "dev-master",
            "source-reference": "26599e33ea91c2a58a2b007e241821f3e99873c0",
            "commit-date": "1340780122"
        },
        {
            "package": "xi/filebrowser-bundle",
            "version": "dev-master",
            "source-reference": "f52da8bd26a4d4999d17f51c4656368e2afdcc7e",
            "commit-date": "1346757756"
        },
        {
            "package": "xi/filelib",
            "version": "2.1.x-dev",
            "source-reference": "9d6dc88493b0435a3041fd0e9dfdaa02f2dd858b",
            "commit-date": "1346683108"
        },
        {
            "package": "xi/filelib-bundle",
            "version": "dev-master",
            "source-reference": "00378825598e203a86cacfc4b0f0af8d06f130ac",
            "commit-date": "1346743710"
        },
        {
            "package": "xi/search-bundle",
            "version": "dev-master",
            "source-reference": "2ab0899363fe23556f8c84d2b863f8ed21377590",
            "commit-date": "1346758304"
        },
        {
            "package": "xi/selector-bundle",
            "version": "dev-master",
            "source-reference": "d77260a6fb10b2f9f651e30cbf57efe8b1b5c8ed",
            "commit-date": "1346757624"
        },
        {
            "package": "xi/tag-bundle",
            "version": "dev-master",
            "source-reference": "0acc9a87e696869c2ce9cb43673bde8b7fe528e0",
            "commit-date": "1346758851"
        },
        {
            "package": "zendframework/zendframework",
            "version": "2.0.0rc3"
        }
    ],
    "packages-dev": null,
    "aliases": [

    ],
    "minimum-stability": "dev",
    "stability-flags": {
        "symfony/symfony": 5,
        "doctrine/doctrine-bundle": 20,
        "twig/extensions": 20,
        "symfony/assetic-bundle": 20,
        "symfony/swiftmailer-bundle": 20,
        "symfony/monolog-bundle": 5,
        "sensio/distribution-bundle": 20,
        "sensio/framework-extra-bundle": 20,
        "sensio/generator-bundle": 20,
        "gedmo/doctrine-extensions": 20,
        "beberlei/doctrineextensions": 20,
        "stof/doctrine-extensions-bundle": 20,
        "jms/serializer-bundle": 20,
        "friendsofsymfony/comment-bundle": 20,
        "stfalcon/tinymce-bundle": 20,
        "besimple/i18n-routing-bundle": 20,
        "doctrine/doctrine-migrations-bundle": 20,
        "willdurand/expose-translation-bundle": 20,
        "xi/doctrine": 20,
        "xi/ajax-bundle": 20,
        "xi/dialog-bundle": 20,
        "xi/selector-bundle": 20,
        "xi/tag-bundle": 20,
        "xi/article-bundle": 20,
        "xi/search-bundle": 20,
        "xi/filelib-bundle": 20,
        "xi/filebrowser-bundle": 20
    }
}
