{
    "hash": "cc8487af3f8a18db06d9c318f2eb397c",
    "packages": [
        {
            "package": "beberlei/DoctrineExtensions",
            "version": "dev-master",
            "source-reference": "v0.1",
            "commit-date": "1337151874"
        },
        {
            "package": "besimple/i18n-routing-bundle",
            "version": "dev-master",
            "source-reference": "0dbec00dabdf9d86499fde08f883ce6d0cb11feb",
            "commit-date": "1343387910"
        },
        {
            "package": "doctrine/common",
            "version": "2.2.2"
        },
        {
            "package": "doctrine/dbal",
            "version": "2.2.2"
        },
        {
            "package": "doctrine/doctrine-bundle",
            "version": "dev-master",
            "alias-pretty-version": "1.0.x-dev",
            "alias-version": "1.0.9999999.9999999-dev"
        },
        {
            "package": "doctrine/doctrine-bundle",
            "version": "dev-master",
            "source-reference": "4d9bb0f3af470556983eb41a7d19ede23401ef0b",
            "commit-date": "1344549563"
        },
        {
            "package": "doctrine/doctrine-migrations-bundle",
            "version": "dev-master",
            "source-reference": "3792aa78445773387754c6853bbd7f4dcb31f486",
            "commit-date": "1341472972"
        },
        {
            "package": "doctrine/migrations",
            "version": "dev-master",
            "source-reference": "b86b4cc0a39714f0aa53b908d495beacfa0e4011",
            "commit-date": "1343202693"
        },
        {
            "package": "doctrine/orm",
            "version": "2.2.2"
        },
        {
            "package": "exercise/elastica-bundle",
            "version": "dev-master",
            "source-reference": "5d1f4f2d68bfab8eda9484a199e2c4b85c0efcd4",
            "commit-date": "1345226184"
        },
        {
            "package": "fpn/doctrine-extensions-taggable",
            "version": "dev-master",
            "source-reference": "dac30481631608f8f0d0bb5ac88896b3efcb5f3b",
            "commit-date": "1340829852"
        },
        {
            "package": "fpn/tag-bundle",
            "version": "dev-master",
            "source-reference": "05518c2ccaf059414cfed51c0bbbfabd34fe44ea",
            "commit-date": "1342458932"
        },
        {
            "package": "friendsofsymfony/comment-bundle",
            "version": "dev-master",
            "source-reference": "a4da1b5f6e797d1694d091f342c67317b8d174aa",
            "commit-date": "1346127857"
        },
        {
            "package": "friendsofsymfony/rest",
            "version": "dev-master",
            "alias-pretty-version": "0.7.x-dev",
            "alias-version": "0.7.9999999.9999999-dev"
        },
        {
            "package": "friendsofsymfony/rest",
            "version": "dev-master",
            "source-reference": "5ea703f5a3f5c7110cadeccb91b212c0eb7ea2d0",
            "commit-date": "1339701893"
        },
        {
            "package": "friendsofsymfony/rest-bundle",
            "version": "0.7.0"
        },
        {
            "package": "friendsofsymfony/user-bundle",
            "version": "dev-master",
            "source-reference": "8b2c9ae5e4c5ca11f11fa543d271fccf92f29331",
            "commit-date": "1345849777"
        },
        {
            "package": "gedmo/doctrine-extensions",
            "version": "dev-master",
            "alias-pretty-version": "2.3.x-dev",
            "alias-version": "2.3.9999999.9999999-dev"
        },
        {
            "package": "gedmo/doctrine-extensions",
            "version": "dev-master",
            "source-reference": "b0421677c69a6cdb649faedd659fdca39fcad028",
            "commit-date": "1346056964"
        },
        {
            "package": "jms/aop-bundle",
            "version": "1.0.0"
        },
        {
            "package": "jms/cg",
            "version": "1.0.0"
        },
        {
            "package": "jms/di-extra-bundle",
            "version": "1.0.1"
        },
        {
            "package": "jms/metadata",
            "version": "1.1.1"
        },
        {
            "package": "jms/security-extra-bundle",
            "version": "1.1.0"
        },
        {
            "package": "jms/serializer-bundle",
            "version": "dev-master",
            "alias-pretty-version": "0.9.x-dev",
            "alias-version": "0.9.9999999.9999999-dev"
        },
        {
            "package": "jms/serializer-bundle",
            "version": "dev-master",
            "source-reference": "5a9b7e6b62143950726f642da23d7eebf850e389",
            "commit-date": "1346073949"
        },
        {
            "package": "knplabs/knp-components",
            "version": "dev-master",
            "source-reference": "99ea408dc2a7c3616e688ffe67e3248ece69ff0e",
            "commit-date": "1339767068"
        },
        {
            "package": "knplabs/knp-menu",
            "version": "1.1.x-dev",
            "source-reference": "v1.1.2",
            "commit-date": "1339345240"
        },
        {
            "package": "knplabs/knp-menu-bundle",
            "version": "v1.1.0"
        },
        {
            "package": "knplabs/knp-paginator-bundle",
            "version": "dev-master",
            "source-reference": "de439d2816fe984dbe0c438fd4d0d7c67748c5ff",
            "commit-date": "1343676956"
        },
        {
            "package": "kriswallsmith/assetic",
            "version": "dev-master",
            "alias-pretty-version": "1.1.x-dev",
            "alias-version": "1.1.9999999.9999999-dev"
        },
        {
            "package": "kriswallsmith/assetic",
            "version": "dev-master",
            "source-reference": "0410297526eacc3aa2146b55bc4e30e6fd3a50ed",
            "commit-date": "1346167888"
        },
        {
            "package": "monolog/monolog",
            "version": "1.1.0"
        },
        {
            "package": "ruflin/Elastica",
            "version": "v0.19.3.0"
        },
        {
            "package": "sensio/distribution-bundle",
            "version": "dev-master",
            "alias-pretty-version": "2.1.x-dev",
            "alias-version": "2.1.9999999.9999999-dev"
        },
        {
            "package": "sensio/distribution-bundle",
            "version": "dev-master",
            "source-reference": "v2.1.0-RC2",
            "commit-date": "1345982505"
        },
        {
            "package": "sensio/framework-extra-bundle",
            "version": "dev-master",
            "alias-pretty-version": "2.1.x-dev",
            "alias-version": "2.1.9999999.9999999-dev"
        },
        {
            "package": "sensio/framework-extra-bundle",
            "version": "dev-master",
            "source-reference": "v2.1.0-RC2",
            "commit-date": "1344072374"
        },
        {
            "package": "sensio/generator-bundle",
            "version": "dev-master",
            "alias-pretty-version": "2.1.x-dev",
            "alias-version": "2.1.9999999.9999999-dev"
        },
        {
            "package": "sensio/generator-bundle",
            "version": "dev-master",
            "source-reference": "v2.1.0-RC2",
            "commit-date": "1346138171"
        },
        {
            "package": "stfalcon/tinymce-bundle",
            "version": "dev-master",
            "source-reference": "39e2d52b6e345e2309e173b76a09f19dbee0c12e",
            "commit-date": "1345020428"
        },
        {
            "package": "stof/doctrine-extensions-bundle",
            "version": "dev-master",
            "source-reference": "63c2aa344bd45ca8cf16d778bb8d382bf18b09e3",
            "commit-date": "1345420848"
        },
        {
            "package": "swiftmailer/swiftmailer",
            "version": "v4.2.0"
        },
        {
            "package": "symfony/assetic-bundle",
            "version": "dev-master",
            "alias-pretty-version": "2.1.x-dev",
            "alias-version": "2.1.9999999.9999999-dev"
        },
        {
            "package": "symfony/assetic-bundle",
            "version": "dev-master",
            "source-reference": "3196ef27926e9f6668b5ce4481c8f578550c2d71",
            "commit-date": "1346160609"
        },
        {
            "package": "symfony/monolog-bundle",
            "version": "v2.1.0-RC1"
        },
        {
            "package": "symfony/swiftmailer-bundle",
            "version": "dev-master",
            "alias-pretty-version": "2.1.x-dev",
            "alias-version": "2.1.9999999.9999999-dev"
        },
        {
            "package": "symfony/swiftmailer-bundle",
            "version": "dev-master",
            "source-reference": "v2.1.0-RC2",
            "commit-date": "1346149269"
        },
        {
            "package": "symfony/symfony",
            "version": "v2.1.0-RC1"
        },
        {
            "package": "twig/extensions",
            "version": "dev-master",
            "alias-pretty-version": "1.0.x-dev",
            "alias-version": "1.0.9999999.9999999-dev"
        },
        {
            "package": "twig/extensions",
            "version": "dev-master",
            "source-reference": "v1.0.0-alpha",
            "commit-date": "1346166263"
        },
        {
            "package": "twig/twig",
            "version": "v1.9.1"
        },
        {
            "package": "xi/ajax-bundle",
            "version": "2.1.x-dev",
            "source-reference": "fbed60b5c663052e849b45b1808f43b77d88a9d7",
            "commit-date": "1344347765"
        },
        {
            "package": "xi/article-bundle",
            "version": "2.1.x-dev",
            "source-reference": "38f87e64ee04613898a57b1a19c9078875eb0242",
            "commit-date": "1346058367"
        },
        {
            "package": "xi/dialog-bundle",
            "version": "2.1.x-dev",
            "source-reference": "4042598e683d58c3601cf9cb29947eaf744115c6",
            "commit-date": "1344436771"
        },
        {
            "package": "xi/doctrine",
            "version": "dev-master",
            "source-reference": "26599e33ea91c2a58a2b007e241821f3e99873c0",
            "commit-date": "1340780122"
        },
        {
            "package": "xi/filebrowser-bundle",
            "version": "2.1.x-dev",
            "source-reference": "38002bd6345d44ae6d5a428b0991e1e46f908b19",
            "commit-date": "1344240432"
        },
        {
            "package": "xi/filelib",
            "version": "2.1.x-dev",
            "source-reference": "b4544433b37242b44a9344a79f87442861039dc9",
            "commit-date": "1344240237"
        },
        {
            "package": "xi/filelib-bundle",
            "version": "dev-master",
            "source-reference": "019ae72e4bec5a7dfd0d36c5c3e67960e8264e1d",
            "commit-date": "1345186303"
        },
        {
            "package": "xi/search-bundle",
            "version": "2.1.x-dev",
            "source-reference": "13f51f280a9d0ea7f56f40930645376c595bc83b",
            "commit-date": "1346063095"
        },
        {
            "package": "xi/selector-bundle",
            "version": "2.1.x-dev",
            "source-reference": "2cc43b1addff5e95e4d190688783c7d632f592d2",
            "commit-date": "1344240617"
        },
        {
            "package": "xi/tag-bundle",
            "version": "2.1.x-dev",
            "source-reference": "09f4ea98070f977e6b0c1836a7661006b73373e0",
            "commit-date": "1344238278"
        },
        {
            "package": "zendframework/zendframework",
            "version": "2.0.0rc3"
        }
    ],
    "packages-dev": null,
    "aliases": [

    ],
    "minimum-stability": "dev",
    "stability-flags": {
        "symfony/symfony": 5,
        "doctrine/doctrine-bundle": 20,
        "twig/extensions": 20,
        "symfony/assetic-bundle": 20,
        "symfony/swiftmailer-bundle": 20,
        "symfony/monolog-bundle": 5,
        "sensio/distribution-bundle": 20,
        "sensio/framework-extra-bundle": 20,
        "sensio/generator-bundle": 20,
        "gedmo/doctrine-extensions": 20,
        "beberlei/doctrineextensions": 20,
        "stof/doctrine-extensions-bundle": 20,
        "jms/serializer-bundle": 20,
        "friendsofsymfony/user-bundle": 20,
        "friendsofsymfony/comment-bundle": 20,
        "stfalcon/tinymce-bundle": 20,
        "besimple/i18n-routing-bundle": 20,
        "doctrine/doctrine-migrations-bundle": 20,
        "xi/doctrine": 20,
        "xi/ajax-bundle": 20,
        "xi/dialog-bundle": 20,
        "xi/selector-bundle": 20,
        "xi/tag-bundle": 20,
        "xi/article-bundle": 20,
        "xi/search-bundle": 20,
        "xi/filelib-bundle": 20,
        "xi/filebrowser-bundle": 20
    }
}
